
Microsoft Visual Studio Solution File, Format Version 12.00
# Visual Studio 14
VisualStudioVersion = 14.0.25123.0
MinimumVisualStudioVersion = 10.0.40219.1
Project("{2150E333-8FDC-42A3-9474-1A3956D46DE8}") = "src", "src", "{E6FBB563-8ED3-45FD-9833-BD317AA98C43}"
EndProject
Project("{2150E333-8FDC-42A3-9474-1A3956D46DE8}") = "Solution Items", "Solution Items", "{51B2F7E6-4DF2-4D71-9964-116F509A46EE}"
	ProjectSection(SolutionItems) = preProject
		global.json = global.json
	EndProjectSection
EndProject
Project("{2150E333-8FDC-42A3-9474-1A3956D46DE8}") = "1-Presentation", "1-Presentation", "{90A2BF4B-E2F8-478E-98D2-82F80D87C0CD}"
EndProject
Project("{2150E333-8FDC-42A3-9474-1A3956D46DE8}") = "2-Application", "2-Application", "{89BFC401-EBED-40F6-87C4-486806A3DA53}"
EndProject
Project("{2150E333-8FDC-42A3-9474-1A3956D46DE8}") = "4-Domain", "4-Domain", "{55272EBC-21BD-4F51-9E03-B9EA0481E3B8}"
EndProject
Project("{2150E333-8FDC-42A3-9474-1A3956D46DE8}") = "5-Infra", "5-Infra", "{E53E9C0D-40E7-416B-AE52-0ABD524C0C2C}"
EndProject
Project("{2150E333-8FDC-42A3-9474-1A3956D46DE8}") = "5.1-Data", "5.1-Data", "{2CD0829D-A0C0-408D-B52C-319382B971C0}"
EndProject
Project("{8BB2217D-0F2D-49D1-97BC-3654ED321F3B}") = "DDDCore.Domain", "src\DDDCore.Domain\DDDCore.Domain.xproj", "{5C36BDB4-7C4C-42BE-AF10-0ABBD872539C}"
EndProject
Project("{8BB2217D-0F2D-49D1-97BC-3654ED321F3B}") = "DDDCore.Infra.Data", "src\DDDCore.Infra.Data\DDDCore.Infra.Data.xproj", "{6E3F3B9A-08EC-4FE9-BB35-41708981D9FF}"
EndProject
Project("{8BB2217D-0F2D-49D1-97BC-3654ED321F3B}") = "DDDCore.Presentation", "src\DDDCore.Presentation\DDDCore.Presentation.xproj", "{1509C420-FFD0-4F9D-AE2B-4DC7C428DA65}"
EndProject
Project("{8BB2217D-0F2D-49D1-97BC-3654ED321F3B}") = "DDDCore.Application", "src\DDDCore.Application\DDDCore.Application.xproj", "{07B3D8C0-4EC0-412F-A85C-B633EFC245DA}"
EndProject
Project("{2150E333-8FDC-42A3-9474-1A3956D46DE8}") = "3-Services", "3-Services", "{0C856B6C-7019-4C41-AB2C-F828096D7A26}"
EndProject
Project("{8BB2217D-0F2D-49D1-97BC-3654ED321F3B}") = "DDDCore.Services", "src\DDDCore.Services\DDDCore.Services.xproj", "{20D49B90-B6CE-44A1-9789-6359C97C024A}"
EndProject
Global
	GlobalSection(SolutionConfigurationPlatforms) = preSolution
		Debug|Any CPU = Debug|Any CPU
		Release|Any CPU = Release|Any CPU
	EndGlobalSection
	GlobalSection(ProjectConfigurationPlatforms) = postSolution
		{5C36BDB4-7C4C-42BE-AF10-0ABBD872539C}.Debug|Any CPU.ActiveCfg = Debug|Any CPU
		{5C36BDB4-7C4C-42BE-AF10-0ABBD872539C}.Debug|Any CPU.Build.0 = Debug|Any CPU
		{5C36BDB4-7C4C-42BE-AF10-0ABBD872539C}.Release|Any CPU.ActiveCfg = Release|Any CPU
		{5C36BDB4-7C4C-42BE-AF10-0ABBD872539C}.Release|Any CPU.Build.0 = Release|Any CPU
		{6E3F3B9A-08EC-4FE9-BB35-41708981D9FF}.Debug|Any CPU.ActiveCfg = Debug|Any CPU
		{6E3F3B9A-08EC-4FE9-BB35-41708981D9FF}.Debug|Any CPU.Build.0 = Debug|Any CPU
		{6E3F3B9A-08EC-4FE9-BB35-41708981D9FF}.Release|Any CPU.ActiveCfg = Release|Any CPU
		{6E3F3B9A-08EC-4FE9-BB35-41708981D9FF}.Release|Any CPU.Build.0 = Release|Any CPU
		{1509C420-FFD0-4F9D-AE2B-4DC7C428DA65}.Debug|Any CPU.ActiveCfg = Debug|Any CPU
		{1509C420-FFD0-4F9D-AE2B-4DC7C428DA65}.Debug|Any CPU.Build.0 = Debug|Any CPU
		{1509C420-FFD0-4F9D-AE2B-4DC7C428DA65}.Release|Any CPU.ActiveCfg = Release|Any CPU
		{1509C420-FFD0-4F9D-AE2B-4DC7C428DA65}.Release|Any CPU.Build.0 = Release|Any CPU
		{07B3D8C0-4EC0-412F-A85C-B633EFC245DA}.Debug|Any CPU.ActiveCfg = Debug|Any CPU
		{07B3D8C0-4EC0-412F-A85C-B633EFC245DA}.Debug|Any CPU.Build.0 = Debug|Any CPU
		{07B3D8C0-4EC0-412F-A85C-B633EFC245DA}.Release|Any CPU.ActiveCfg = Release|Any CPU
		{07B3D8C0-4EC0-412F-A85C-B633EFC245DA}.Release|Any CPU.Build.0 = Release|Any CPU
		{20D49B90-B6CE-44A1-9789-6359C97C024A}.Debug|Any CPU.ActiveCfg = Debug|Any CPU
		{20D49B90-B6CE-44A1-9789-6359C97C024A}.Debug|Any CPU.Build.0 = Debug|Any CPU
		{20D49B90-B6CE-44A1-9789-6359C97C024A}.Release|Any CPU.ActiveCfg = Release|Any CPU
		{20D49B90-B6CE-44A1-9789-6359C97C024A}.Release|Any CPU.Build.0 = Release|Any CPU
	EndGlobalSection
	GlobalSection(SolutionProperties) = preSolution
		HideSolutionNode = FALSE
	EndGlobalSection
	GlobalSection(NestedProjects) = preSolution
		{90A2BF4B-E2F8-478E-98D2-82F80D87C0CD} = {E6FBB563-8ED3-45FD-9833-BD317AA98C43}
		{89BFC401-EBED-40F6-87C4-486806A3DA53} = {E6FBB563-8ED3-45FD-9833-BD317AA98C43}
		{55272EBC-21BD-4F51-9E03-B9EA0481E3B8} = {E6FBB563-8ED3-45FD-9833-BD317AA98C43}
		{E53E9C0D-40E7-416B-AE52-0ABD524C0C2C} = {E6FBB563-8ED3-45FD-9833-BD317AA98C43}
		{2CD0829D-A0C0-408D-B52C-319382B971C0} = {E53E9C0D-40E7-416B-AE52-0ABD524C0C2C}
		{5C36BDB4-7C4C-42BE-AF10-0ABBD872539C} = {55272EBC-21BD-4F51-9E03-B9EA0481E3B8}
		{6E3F3B9A-08EC-4FE9-BB35-41708981D9FF} = {2CD0829D-A0C0-408D-B52C-319382B971C0}
		{1509C420-FFD0-4F9D-AE2B-4DC7C428DA65} = {90A2BF4B-E2F8-478E-98D2-82F80D87C0CD}
		{07B3D8C0-4EC0-412F-A85C-B633EFC245DA} = {89BFC401-EBED-40F6-87C4-486806A3DA53}
		{0C856B6C-7019-4C41-AB2C-F828096D7A26} = {E6FBB563-8ED3-45FD-9833-BD317AA98C43}
		{20D49B90-B6CE-44A1-9789-6359C97C024A} = {0C856B6C-7019-4C41-AB2C-F828096D7A26}
	EndGlobalSection
EndGlobal
